// !$*UTF8*$!
{
	archiveVersion = 1;
	classes = {
	};
	objectVersion = 56;
	objects = {

/* Begin PBXBuildFile section */
		581EED98642D62918B78DDFA /* Pods_Clan.framework in Frameworks */ = {isa = PBXBuildFile; fileRef = 85A1F68AFBC7A0AFAE5F80F1 /* Pods_Clan.framework */; };
		F5916B7C2ACC0EF900DABB4B /* CustomButton.swift in Sources */ = {isa = PBXBuildFile; fileRef = F5916B7B2ACC0EF900DABB4B /* CustomButton.swift */; };
		F5A5B5932AC3F5AF00C9542C /* ClanApp.swift in Sources */ = {isa = PBXBuildFile; fileRef = F5A5B5922AC3F5AF00C9542C /* ClanApp.swift */; };
		F5A5B5952AC3F5AF00C9542C /* ContentView.swift in Sources */ = {isa = PBXBuildFile; fileRef = F5A5B5942AC3F5AF00C9542C /* ContentView.swift */; };
		F5A5B5972AC3F5B300C9542C /* Assets.xcassets in Resources */ = {isa = PBXBuildFile; fileRef = F5A5B5962AC3F5B300C9542C /* Assets.xcassets */; };
		F5A5B59A2AC3F5B300C9542C /* Preview Assets.xcassets in Resources */ = {isa = PBXBuildFile; fileRef = F5A5B5992AC3F5B300C9542C /* Preview Assets.xcassets */; };
		F5A5B5A12AC411BF00C9542C /* LoginView.swift in Sources */ = {isa = PBXBuildFile; fileRef = F5A5B5A02AC411BF00C9542C /* LoginView.swift */; };
		F5A5B5A32AC4143400C9542C /* OnBoardIcon.swift in Sources */ = {isa = PBXBuildFile; fileRef = F5A5B5A22AC4143400C9542C /* OnBoardIcon.swift */; };
		F5A5B5A52AC414FB00C9542C /* InputField.swift in Sources */ = {isa = PBXBuildFile; fileRef = F5A5B5A42AC414FB00C9542C /* InputField.swift */; };
		F5A5B5A72AC440D600C9542C /* SignupView.swift in Sources */ = {isa = PBXBuildFile; fileRef = F5A5B5A62AC440D600C9542C /* SignupView.swift */; };
		F5A5B5A92AC4432F00C9542C /* BaseView.swift in Sources */ = {isa = PBXBuildFile; fileRef = F5A5B5A82AC4432F00C9542C /* BaseView.swift */; };
		F5A5B5AB2AC4475E00C9542C /* HomeView.swift in Sources */ = {isa = PBXBuildFile; fileRef = F5A5B5AA2AC4475E00C9542C /* HomeView.swift */; };
/* End PBXBuildFile section */

/* Begin PBXFileReference section */
		56B0F4E33FD52DF44AFF0951 /* Pods-Clan.debug.xcconfig */ = {isa = PBXFileReference; includeInIndex = 1; lastKnownFileType = text.xcconfig; name = "Pods-Clan.debug.xcconfig"; path = "Target Support Files/Pods-Clan/Pods-Clan.debug.xcconfig"; sourceTree = "<group>"; };
		68E947C79FB4DE6C160E5060 /* Pods-Clan.release.xcconfig */ = {isa = PBXFileReference; includeInIndex = 1; lastKnownFileType = text.xcconfig; name = "Pods-Clan.release.xcconfig"; path = "Target Support Files/Pods-Clan/Pods-Clan.release.xcconfig"; sourceTree = "<group>"; };
		85A1F68AFBC7A0AFAE5F80F1 /* Pods_Clan.framework */ = {isa = PBXFileReference; explicitFileType = wrapper.framework; includeInIndex = 0; path = Pods_Clan.framework; sourceTree = BUILT_PRODUCTS_DIR; };
		F5916B7B2ACC0EF900DABB4B /* CustomButton.swift */ = {isa = PBXFileReference; lastKnownFileType = sourcecode.swift; path = CustomButton.swift; sourceTree = "<group>"; };
		F5A5B58F2AC3F5AF00C9542C /* Clan.app */ = {isa = PBXFileReference; explicitFileType = wrapper.application; includeInIndex = 0; path = Clan.app; sourceTree = BUILT_PRODUCTS_DIR; };
		F5A5B5922AC3F5AF00C9542C /* ClanApp.swift */ = {isa = PBXFileReference; lastKnownFileType = sourcecode.swift; path = ClanApp.swift; sourceTree = "<group>"; };
		F5A5B5942AC3F5AF00C9542C /* ContentView.swift */ = {isa = PBXFileReference; lastKnownFileType = sourcecode.swift; path = ContentView.swift; sourceTree = "<group>"; };
		F5A5B5962AC3F5B300C9542C /* Assets.xcassets */ = {isa = PBXFileReference; lastKnownFileType = folder.assetcatalog; path = Assets.xcassets; sourceTree = "<group>"; };
		F5A5B5992AC3F5B300C9542C /* Preview Assets.xcassets */ = {isa = PBXFileReference; lastKnownFileType = folder.assetcatalog; path = "Preview Assets.xcassets"; sourceTree = "<group>"; };
		F5A5B5A02AC411BF00C9542C /* LoginView.swift */ = {isa = PBXFileReference; lastKnownFileType = sourcecode.swift; path = LoginView.swift; sourceTree = "<group>"; };
		F5A5B5A22AC4143400C9542C /* OnBoardIcon.swift */ = {isa = PBXFileReference; lastKnownFileType = sourcecode.swift; path = OnBoardIcon.swift; sourceTree = "<group>"; };
		F5A5B5A42AC414FB00C9542C /* InputField.swift */ = {isa = PBXFileReference; lastKnownFileType = sourcecode.swift; path = InputField.swift; sourceTree = "<group>"; };
		F5A5B5A62AC440D600C9542C /* SignupView.swift */ = {isa = PBXFileReference; fileEncoding = 4; lastKnownFileType = sourcecode.swift; path = SignupView.swift; sourceTree = "<group>"; };
		F5A5B5A82AC4432F00C9542C /* BaseView.swift */ = {isa = PBXFileReference; lastKnownFileType = sourcecode.swift; path = BaseView.swift; sourceTree = "<group>"; };
		F5A5B5AA2AC4475E00C9542C /* HomeView.swift */ = {isa = PBXFileReference; lastKnownFileType = sourcecode.swift; path = HomeView.swift; sourceTree = "<group>"; };
/* End PBXFileReference section */

/* Begin PBXFrameworksBuildPhase section */
		F5A5B58C2AC3F5AF00C9542C /* Frameworks */ = {
			isa = PBXFrameworksBuildPhase;
			buildActionMask = 2147483647;
			files = (
				581EED98642D62918B78DDFA /* Pods_Clan.framework in Frameworks */,
			);
			runOnlyForDeploymentPostprocessing = 0;
		};
/* End PBXFrameworksBuildPhase section */

/* Begin PBXGroup section */
		2B59DCE7CFEE49C6F0AF477D /* Pods */ = {
			isa = PBXGroup;
			children = (
				56B0F4E33FD52DF44AFF0951 /* Pods-Clan.debug.xcconfig */,
				68E947C79FB4DE6C160E5060 /* Pods-Clan.release.xcconfig */,
			);
			name = Pods;
			path = Pods;
			sourceTree = "<group>";
		};
		C92E4424FA8EC87306965C67 /* Frameworks */ = {
			isa = PBXGroup;
			children = (
				85A1F68AFBC7A0AFAE5F80F1 /* Pods_Clan.framework */,
			);
			name = Frameworks;
			sourceTree = "<group>";
		};
		F5916B7D2ACC0F0500DABB4B /* CustomViews */ = {
			isa = PBXGroup;
			children = (
				F5A5B5A22AC4143400C9542C /* OnBoardIcon.swift */,
				F5A5B5A42AC414FB00C9542C /* InputField.swift */,
				F5916B7B2ACC0EF900DABB4B /* CustomButton.swift */,
			);
			path = CustomViews;
			sourceTree = "<group>";
		};
		F5916B7E2ACC0FED00DABB4B /* Views */ = {
			isa = PBXGroup;
			children = (
				F5A5B5A02AC411BF00C9542C /* LoginView.swift */,
				F5A5B5A62AC440D600C9542C /* SignupView.swift */,
				F5A5B5A82AC4432F00C9542C /* BaseView.swift */,
				F5A5B5AA2AC4475E00C9542C /* HomeView.swift */,
			);
			path = Views;
			sourceTree = "<group>";
		};
		F5A5B5862AC3F5AF00C9542C = {
			isa = PBXGroup;
			children = (
				F5A5B5912AC3F5AF00C9542C /* Clan */,
				F5A5B5902AC3F5AF00C9542C /* Products */,
				2B59DCE7CFEE49C6F0AF477D /* Pods */,
				C92E4424FA8EC87306965C67 /* Frameworks */,
			);
			sourceTree = "<group>";
		};
		F5A5B5902AC3F5AF00C9542C /* Products */ = {
			isa = PBXGroup;
			children = (
				F5A5B58F2AC3F5AF00C9542C /* Clan.app */,
			);
			name = Products;
			sourceTree = "<group>";
		};
		F5A5B5912AC3F5AF00C9542C /* Clan */ = {
			isa = PBXGroup;
			children = (
				F5A5B5922AC3F5AF00C9542C /* ClanApp.swift */,
				F5A5B5942AC3F5AF00C9542C /* ContentView.swift */,
				F5A5B5962AC3F5B300C9542C /* Assets.xcassets */,
				F5A5B5982AC3F5B300C9542C /* Preview Content */,
				F5916B7E2ACC0FED00DABB4B /* Views */,
				F5916B7D2ACC0F0500DABB4B /* CustomViews */,
			);
			path = Clan;
			sourceTree = "<group>";
		};
		F5A5B5982AC3F5B300C9542C /* Preview Content */ = {
			isa = PBXGroup;
			children = (
				F5A5B5992AC3F5B300C9542C /* Preview Assets.xcassets */,
			);
			path = "Preview Content";
			sourceTree = "<group>";
		};
/* End PBXGroup section */

/* Begin PBXNativeTarget section */
		F5A5B58E2AC3F5AF00C9542C /* Clan */ = {
			isa = PBXNativeTarget;
			buildConfigurationList = F5A5B59D2AC3F5B300C9542C /* Build configuration list for PBXNativeTarget "Clan" */;
			buildPhases = (
				1B790AC90AB978423172CAE4 /* [CP] Check Pods Manifest.lock */,
				F5A5B58B2AC3F5AF00C9542C /* Sources */,
				F5A5B58C2AC3F5AF00C9542C /* Frameworks */,
				F5A5B58D2AC3F5AF00C9542C /* Resources */,
				90270B494978FF51497B68F0 /* [CP] Embed Pods Frameworks */,
			);
			buildRules = (
			);
			dependencies = (
			);
			name = Clan;
			productName = Clan;
			productReference = F5A5B58F2AC3F5AF00C9542C /* Clan.app */;
			productType = "com.apple.product-type.application";
		};
/* End PBXNativeTarget section */

/* Begin PBXProject section */
		F5A5B5872AC3F5AF00C9542C /* Project object */ = {
			isa = PBXProject;
			attributes = {
				BuildIndependentTargetsInParallel = 1;
				LastSwiftUpdateCheck = 1500;
				LastUpgradeCheck = 1500;
				TargetAttributes = {
					F5A5B58E2AC3F5AF00C9542C = {
						CreatedOnToolsVersion = 15.0;
					};
				};
			};
			buildConfigurationList = F5A5B58A2AC3F5AF00C9542C /* Build configuration list for PBXProject "Clan" */;
			compatibilityVersion = "Xcode 14.0";
			developmentRegion = en;
			hasScannedForEncodings = 0;
			knownRegions = (
				en,
				Base,
			);
			mainGroup = F5A5B5862AC3F5AF00C9542C;
			productRefGroup = F5A5B5902AC3F5AF00C9542C /* Products */;
			projectDirPath = "";
			projectRoot = "";
			targets = (
				F5A5B58E2AC3F5AF00C9542C /* Clan */,
			);
		};
/* End PBXProject section */

/* Begin PBXResourcesBuildPhase section */
		F5A5B58D2AC3F5AF00C9542C /* Resources */ = {
			isa = PBXResourcesBuildPhase;
			buildActionMask = 2147483647;
			files = (
				F5A5B59A2AC3F5B300C9542C /* Preview Assets.xcassets in Resources */,
				F5A5B5972AC3F5B300C9542C /* Assets.xcassets in Resources */,
			);
			runOnlyForDeploymentPostprocessing = 0;
		};
/* End PBXResourcesBuildPhase section */

/* Begin PBXShellScriptBuildPhase section */
		1B790AC90AB978423172CAE4 /* [CP] Check Pods Manifest.lock */ = {
			isa = PBXShellScriptBuildPhase;
			buildActionMask = 2147483647;
			files = (
			);
			inputFileListPaths = (
			);
			inputPaths = (
				"${PODS_PODFILE_DIR_PATH}/Podfile.lock",
				"${PODS_ROOT}/Manifest.lock",
			);
			name = "[CP] Check Pods Manifest.lock";
			outputFileListPaths = (
			);
			outputPaths = (
				"$(DERIVED_FILE_DIR)/Pods-Clan-checkManifestLockResult.txt",
			);
			runOnlyForDeploymentPostprocessing = 0;
			shellPath = /bin/sh;
			shellScript = "diff \"${PODS_PODFILE_DIR_PATH}/Podfile.lock\" \"${PODS_ROOT}/Manifest.lock\" > /dev/null\nif [ $? != 0 ] ; then\n    # print error to STDERR\n    echo \"error: The sandbox is not in sync with the Podfile.lock. Run 'pod install' or update your CocoaPods installation.\" >&2\n    exit 1\nfi\n# This output is used by Xcode 'outputs' to avoid re-running this script phase.\necho \"SUCCESS\" > \"${SCRIPT_OUTPUT_FILE_0}\"\n";
			showEnvVarsInLog = 0;
		};
		90270B494978FF51497B68F0 /* [CP] Embed Pods Frameworks */ = {
			isa = PBXShellScriptBuildPhase;
			buildActionMask = 2147483647;
			files = (
			);
			inputFileListPaths = (
				"${PODS_ROOT}/Target Support Files/Pods-Clan/Pods-Clan-frameworks-${CONFIGURATION}-input-files.xcfilelist",
			);
			name = "[CP] Embed Pods Frameworks";
			outputFileListPaths = (
				"${PODS_ROOT}/Target Support Files/Pods-Clan/Pods-Clan-frameworks-${CONFIGURATION}-output-files.xcfilelist",
			);
			runOnlyForDeploymentPostprocessing = 0;
			shellPath = /bin/sh;
			shellScript = "\"${PODS_ROOT}/Target Support Files/Pods-Clan/Pods-Clan-frameworks.sh\"\n";
			showEnvVarsInLog = 0;
		};
/* End PBXShellScriptBuildPhase section */

/* Begin PBXSourcesBuildPhase section */
		F5A5B58B2AC3F5AF00C9542C /* Sources */ = {
			isa = PBXSourcesBuildPhase;
			buildActionMask = 2147483647;
			files = (
				F5A5B5A72AC440D600C9542C /* SignupView.swift in Sources */,
				F5A5B5A12AC411BF00C9542C /* LoginView.swift in Sources */,
				F5916B7C2ACC0EF900DABB4B /* CustomButton.swift in Sources */,
				F5A5B5952AC3F5AF00C9542C /* ContentView.swift in Sources */,
				F5A5B5A32AC4143400C9542C /* OnBoardIcon.swift in Sources */,
				F5A5B5A92AC4432F00C9542C /* BaseView.swift in Sources */,
				F5A5B5AB2AC4475E00C9542C /* HomeView.swift in Sources */,
				F5A5B5A52AC414FB00C9542C /* InputField.swift in Sources */,
				F5A5B5932AC3F5AF00C9542C /* ClanApp.swift in Sources */,
			);
			runOnlyForDeploymentPostprocessing = 0;
		};
/* End PBXSourcesBuildPhase section */

/* Begin XCBuildConfiguration section */
		F5A5B59B2AC3F5B300C9542C /* Debug */ = {
			isa = XCBuildConfiguration;
			buildSettings = {
				ALWAYS_SEARCH_USER_PATHS = NO;
				ASSETCATALOG_COMPILER_GENERATE_SWIFT_ASSET_SYMBOL_EXTENSIONS = YES;
				CLANG_ANALYZER_NONNULL = YES;
				CLANG_ANALYZER_NUMBER_OBJECT_CONVERSION = YES_AGGRESSIVE;
				CLANG_CXX_LANGUAGE_STANDARD = "gnu++20";
				CLANG_ENABLE_MODULES = YES;
				CLANG_ENABLE_OBJC_ARC = YES;
				CLANG_ENABLE_OBJC_WEAK = YES;
				CLANG_WARN_BLOCK_CAPTURE_AUTORELEASING = YES;
				CLANG_WARN_BOOL_CONVERSION = YES;
				CLANG_WARN_COMMA = YES;
				CLANG_WARN_CONSTANT_CONVERSION = YES;
				CLANG_WARN_DEPRECATED_OBJC_IMPLEMENTATIONS = YES;
				CLANG_WARN_DIRECT_OBJC_ISA_USAGE = YES_ERROR;
				CLANG_WARN_DOCUMENTATION_COMMENTS = YES;
				CLANG_WARN_EMPTY_BODY = YES;
				CLANG_WARN_ENUM_CONVERSION = YES;
				CLANG_WARN_INFINITE_RECURSION = YES;
				CLANG_WARN_INT_CONVERSION = YES;
				CLANG_WARN_NON_LITERAL_NULL_CONVERSION = YES;
				CLANG_WARN_OBJC_IMPLICIT_RETAIN_SELF = YES;
				CLANG_WARN_OBJC_LITERAL_CONVERSION = YES;
				CLANG_WARN_OBJC_ROOT_CLASS = YES_ERROR;
				CLANG_WARN_QUOTED_INCLUDE_IN_FRAMEWORK_HEADER = YES;
				CLANG_WARN_RANGE_LOOP_ANALYSIS = YES;
				CLANG_WARN_STRICT_PROTOTYPES = YES;
				CLANG_WARN_SUSPICIOUS_MOVE = YES;
				CLANG_WARN_UNGUARDED_AVAILABILITY = YES_AGGRESSIVE;
				CLANG_WARN_UNREACHABLE_CODE = YES;
				CLANG_WARN__DUPLICATE_METHOD_MATCH = YES;
				COPY_PHASE_STRIP = NO;
				DEBUG_INFORMATION_FORMAT = dwarf;
				ENABLE_STRICT_OBJC_MSGSEND = YES;
				ENABLE_TESTABILITY = YES;
				ENABLE_USER_SCRIPT_SANDBOXING = YES;
				GCC_C_LANGUAGE_STANDARD = gnu17;
				GCC_DYNAMIC_NO_PIC = NO;
				GCC_NO_COMMON_BLOCKS = YES;
				GCC_OPTIMIZATION_LEVEL = 0;
				GCC_PREPROCESSOR_DEFINITIONS = (
					"DEBUG=1",
					"$(inherited)",
				);
				GCC_WARN_64_TO_32_BIT_CONVERSION = YES;
				GCC_WARN_ABOUT_RETURN_TYPE = YES_ERROR;
				GCC_WARN_UNDECLARED_SELECTOR = YES;
				GCC_WARN_UNINITIALIZED_AUTOS = YES_AGGRESSIVE;
				GCC_WARN_UNUSED_FUNCTION = YES;
				GCC_WARN_UNUSED_VARIABLE = YES;
				IPHONEOS_DEPLOYMENT_TARGET = 17.0;
				LOCALIZATION_PREFERS_STRING_CATALOGS = YES;
				MTL_ENABLE_DEBUG_INFO = INCLUDE_SOURCE;
				MTL_FAST_MATH = YES;
				ONLY_ACTIVE_ARCH = YES;
				SDKROOT = iphoneos;
				SWIFT_ACTIVE_COMPILATION_CONDITIONS = "DEBUG $(inherited)";
				SWIFT_OPTIMIZATION_LEVEL = "-Onone";
			};
			name = Debug;
		};
		F5A5B59C2AC3F5B300C9542C /* Release */ = {
			isa = XCBuildConfiguration;
			buildSettings = {
				ALWAYS_SEARCH_USER_PATHS = NO;
				ASSETCATALOG_COMPILER_GENERATE_SWIFT_ASSET_SYMBOL_EXTENSIONS = YES;
				CLANG_ANALYZER_NONNULL = YES;
				CLANG_ANALYZER_NUMBER_OBJECT_CONVERSION = YES_AGGRESSIVE;
				CLANG_CXX_LANGUAGE_STANDARD = "gnu++20";
				CLANG_ENABLE_MODULES = YES;
				CLANG_ENABLE_OBJC_ARC = YES;
				CLANG_ENABLE_OBJC_WEAK = YES;
				CLANG_WARN_BLOCK_CAPTURE_AUTORELEASING = YES;
				CLANG_WARN_BOOL_CONVERSION = YES;
				CLANG_WARN_COMMA = YES;
				CLANG_WARN_CONSTANT_CONVERSION = YES;
				CLANG_WARN_DEPRECATED_OBJC_IMPLEMENTATIONS = YES;
				CLANG_WARN_DIRECT_OBJC_ISA_USAGE = YES_ERROR;
				CLANG_WARN_DOCUMENTATION_COMMENTS = YES;
				CLANG_WARN_EMPTY_BODY = YES;
				CLANG_WARN_ENUM_CONVERSION = YES;
				CLANG_WARN_INFINITE_RECURSION = YES;
				CLANG_WARN_INT_CONVERSION = YES;
				CLANG_WARN_NON_LITERAL_NULL_CONVERSION = YES;
				CLANG_WARN_OBJC_IMPLICIT_RETAIN_SELF = YES;
				CLANG_WARN_OBJC_LITERAL_CONVERSION = YES;
				CLANG_WARN_OBJC_ROOT_CLASS = YES_ERROR;
				CLANG_WARN_QUOTED_INCLUDE_IN_FRAMEWORK_HEADER = YES;
				CLANG_WARN_RANGE_LOOP_ANALYSIS = YES;
				CLANG_WARN_STRICT_PROTOTYPES = YES;
				CLANG_WARN_SUSPICIOUS_MOVE = YES;
				CLANG_WARN_UNGUARDED_AVAILABILITY = YES_AGGRESSIVE;
				CLANG_WARN_UNREACHABLE_CODE = YES;
				CLANG_WARN__DUPLICATE_METHOD_MATCH = YES;
				COPY_PHASE_STRIP = NO;
				DEBUG_INFORMATION_FORMAT = "dwarf-with-dsym";
				ENABLE_NS_ASSERTIONS = NO;
				ENABLE_STRICT_OBJC_MSGSEND = YES;
				ENABLE_USER_SCRIPT_SANDBOXING = YES;
				GCC_C_LANGUAGE_STANDARD = gnu17;
				GCC_NO_COMMON_BLOCKS = YES;
				GCC_WARN_64_TO_32_BIT_CONVERSION = YES;
				GCC_WARN_ABOUT_RETURN_TYPE = YES_ERROR;
				GCC_WARN_UNDECLARED_SELECTOR = YES;
				GCC_WARN_UNINITIALIZED_AUTOS = YES_AGGRESSIVE;
				GCC_WARN_UNUSED_FUNCTION = YES;
				GCC_WARN_UNUSED_VARIABLE = YES;
				IPHONEOS_DEPLOYMENT_TARGET = 17.0;
				LOCALIZATION_PREFERS_STRING_CATALOGS = YES;
				MTL_ENABLE_DEBUG_INFO = NO;
				MTL_FAST_MATH = YES;
				SDKROOT = iphoneos;
				SWIFT_COMPILATION_MODE = wholemodule;
				VALIDATE_PRODUCT = YES;
			};
			name = Release;
		};
		F5A5B59E2AC3F5B300C9542C /* Debug */ = {
			isa = XCBuildConfiguration;
			baseConfigurationReference = 56B0F4E33FD52DF44AFF0951 /* Pods-Clan.debug.xcconfig */;
			buildSettings = {
				ASSETCATALOG_COMPILER_APPICON_NAME = AppIcon;
				ASSETCATALOG_COMPILER_GLOBAL_ACCENT_COLOR_NAME = AccentColor;
				CODE_SIGN_STYLE = Automatic;
				CURRENT_PROJECT_VERSION = 1;
				DEVELOPMENT_ASSET_PATHS = "\"Clan/Preview Content\"";
				DEVELOPMENT_TEAM = 6DXA92JYY2;
				ENABLE_PREVIEWS = YES;
				GENERATE_INFOPLIST_FILE = YES;
				INFOPLIST_KEY_UIApplicationSceneManifest_Generation = YES;
				INFOPLIST_KEY_UIApplicationSupportsIndirectInputEvents = YES;
				INFOPLIST_KEY_UILaunchScreen_Generation = YES;
				INFOPLIST_KEY_UISupportedInterfaceOrientations_iPad = "UIInterfaceOrientationPortrait UIInterfaceOrientationPortraitUpsideDown UIInterfaceOrientationLandscapeLeft UIInterfaceOrientationLandscapeRight";
				INFOPLIST_KEY_UISupportedInterfaceOrientations_iPhone = "UIInterfaceOrientationPortrait UIInterfaceOrientationLandscapeLeft UIInterfaceOrientationLandscapeRight";
				LD_RUNPATH_SEARCH_PATHS = (
					"$(inherited)",
					"@executable_path/Frameworks",
				);
				MARKETING_VERSION = 1.0;
				PRODUCT_BUNDLE_IDENTIFIER = com.ingenious.Clan;
				PRODUCT_NAME = "$(TARGET_NAME)";
				SWIFT_EMIT_LOC_STRINGS = YES;
				SWIFT_VERSION = 5.0;
				TARGETED_DEVICE_FAMILY = "1,2";
			};
			name = Debug;
		};
		F5A5B59F2AC3F5B300C9542C /* Release */ = {
			isa = XCBuildConfiguration;
			baseConfigurationReference = 68E947C79FB4DE6C160E5060 /* Pods-Clan.release.xcconfig */;
			buildSettings = {
				ASSETCATALOG_COMPILER_APPICON_NAME = AppIcon;
				ASSETCATALOG_COMPILER_GLOBAL_ACCENT_COLOR_NAME = AccentColor;
				CODE_SIGN_STYLE = Automatic;
				CURRENT_PROJECT_VERSION = 1;
				DEVELOPMENT_ASSET_PATHS = "\"Clan/Preview Content\"";
				DEVELOPMENT_TEAM = 6DXA92JYY2;
				ENABLE_PREVIEWS = YES;
				GENERATE_INFOPLIST_FILE = YES;
				INFOPLIST_KEY_UIApplicationSceneManifest_Generation = YES;
				INFOPLIST_KEY_UIApplicationSupportsIndirectInputEvents = YES;
				INFOPLIST_KEY_UILaunchScreen_Generation = YES;
				INFOPLIST_KEY_UISupportedInterfaceOrientations_iPad = "UIInterfaceOrientationPortrait UIInterfaceOrientationPortraitUpsideDown UIInterfaceOrientationLandscapeLeft UIInterfaceOrientationLandscapeRight";
				INFOPLIST_KEY_UISupportedInterfaceOrientations_iPhone = "UIInterfaceOrientationPortrait UIInterfaceOrientationLandscapeLeft UIInterfaceOrientationLandscapeRight";
				LD_RUNPATH_SEARCH_PATHS = (
					"$(inherited)",
					"@executable_path/Frameworks",
				);
				MARKETING_VERSION = 1.0;
				PRODUCT_BUNDLE_IDENTIFIER = com.ingenious.Clan;
				PRODUCT_NAME = "$(TARGET_NAME)";
				SWIFT_EMIT_LOC_STRINGS = YES;
				SWIFT_VERSION = 5.0;
				TARGETED_DEVICE_FAMILY = "1,2";
			};
			name = Release;
		};
/* End XCBuildConfiguration section */

/* Begin XCConfigurationList section */
		F5A5B58A2AC3F5AF00C9542C /* Build configuration list for PBXProject "Clan" */ = {
			isa = XCConfigurationList;
			buildConfigurations = (
				F5A5B59B2AC3F5B300C9542C /* Debug */,
				F5A5B59C2AC3F5B300C9542C /* Release */,
			);
			defaultConfigurationIsVisible = 0;
			defaultConfigurationName = Release;
		};
		F5A5B59D2AC3F5B300C9542C /* Build configuration list for PBXNativeTarget "Clan" */ = {
			isa = XCConfigurationList;
			buildConfigurations = (
				F5A5B59E2AC3F5B300C9542C /* Debug */,
				F5A5B59F2AC3F5B300C9542C /* Release */,
			);
			defaultConfigurationIsVisible = 0;
			defaultConfigurationName = Release;
		};
/* End XCConfigurationList section */
	};
	rootObject = F5A5B5872AC3F5AF00C9542C /* Project object */;
}
